
Microsoft Visual Studio Solution File, Format Version 12.00
Project("{FAE04EC0-301F-11D3-BF4B-00C04F79EFBC}") = "OpenApiToModels.Lib", "OpenApiToModels.Lib\OpenApiToModels.Lib.csproj", "{FED1784C-F0CE-4394-A77F-9E2B784A2429}"
EndProject
Project("{FAE04EC0-301F-11D3-BF4B-00C04F79EFBC}") = "OpenApiToModels.Demo", "OpenApiToModels.Demo\OpenApiToModels.Demo.csproj", "{66A6EB07-64C6-49C9-86E9-7316EE65DF5D}"
EndProject
Project("{FAE04EC0-301F-11D3-BF4B-00C04F79EFBC}") = "OpenApiToModels.Lib.Tests", "OpenApiToModels.Lib.Tests\OpenApiToModels.Lib.Tests.csproj", "{1A964594-B025-4262-BFCB-AB2BACF1CACC}"
EndProject
Global
	GlobalSection(SolutionConfigurationPlatforms) = preSolution
		Debug|Any CPU = Debug|Any CPU
		Release|Any CPU = Release|Any CPU
	EndGlobalSection
	GlobalSection(ProjectConfigurationPlatforms) = postSolution
		{FED1784C-F0CE-4394-A77F-9E2B784A2429}.Debug|Any CPU.ActiveCfg = Debug|Any CPU
		{FED1784C-F0CE-4394-A77F-9E2B784A2429}.Debug|Any CPU.Build.0 = Debug|Any CPU
		{FED1784C-F0CE-4394-A77F-9E2B784A2429}.Release|Any CPU.ActiveCfg = Release|Any CPU
		{FED1784C-F0CE-4394-A77F-9E2B784A2429}.Release|Any CPU.Build.0 = Release|Any CPU
		{66A6EB07-64C6-49C9-86E9-7316EE65DF5D}.Debug|Any CPU.ActiveCfg = Debug|Any CPU
		{66A6EB07-64C6-49C9-86E9-7316EE65DF5D}.Debug|Any CPU.Build.0 = Debug|Any CPU
		{66A6EB07-64C6-49C9-86E9-7316EE65DF5D}.Release|Any CPU.ActiveCfg = Release|Any CPU
		{66A6EB07-64C6-49C9-86E9-7316EE65DF5D}.Release|Any CPU.Build.0 = Release|Any CPU
		{1A964594-B025-4262-BFCB-AB2BACF1CACC}.Debug|Any CPU.ActiveCfg = Debug|Any CPU
		{1A964594-B025-4262-BFCB-AB2BACF1CACC}.Debug|Any CPU.Build.0 = Debug|Any CPU
		{1A964594-B025-4262-BFCB-AB2BACF1CACC}.Release|Any CPU.ActiveCfg = Release|Any CPU
		{1A964594-B025-4262-BFCB-AB2BACF1CACC}.Release|Any CPU.Build.0 = Release|Any CPU
	EndGlobalSection
EndGlobal
